{
  "name": "opencode",
  "lockfileVersion": 3,
  "requires": true,
  "packages": {
    "": {
      "dependencies": {
        "@opencode-ai/plugin": "1.1.53"
      },
      "devDependencies": {
        "husky": "^9.1.7"
      }
    },
    "node_modules/@opencode-ai/plugin": {
      "version": "1.1.53",
      "resolved": "https://registry.npmjs.org/@opencode-ai/plugin/-/plugin-1.1.53.tgz",
      "integrity": "sha512-9ye7Wz2kESgt02AUDaMea4hXxj6XhWwKAG8NwFhrw09Ux54bGaMJFt1eIS8QQGIMaD+Lp11X4QdyEg96etEBJw==",
      "license": "MIT",
      "dependencies": {
        "@opencode-ai/sdk": "1.1.53",
        "zod": "4.1.8"
      }
    },
    "node_modules/@opencode-ai/sdk": {
      "version": "1.1.53",
      "resolved": "https://registry.npmjs.org/@opencode-ai/sdk/-/sdk-1.1.53.tgz",
      "integrity": "sha512-RUIVnPOP1CyyU32FrOOYuE7Ge51lOBuhaFp2NSX98ncApT7ffoNetmwzqrhOiJQgZB1KrbCHLYOCK6AZfacxag==",
      "license": "MIT"
    },
    "node_modules/husky": {
      "version": "9.1.7",
      "resolved": "https://registry.npmjs.org/husky/-/husky-9.1.7.tgz",
      "integrity": "sha512-5gs5ytaNjBrh5Ow3zrvdUUY+0VxIuWVL4i9irt6friV+BqdCfmV11CQTWMiBYWHbXhco+J1kHfTOUkePhCDvMA==",
      "dev": true,
      "license": "MIT",
      "bin": {
        "husky": "bin.js"
      },
      "engines": {
        "node": ">=18"
      },
      "funding": {
        "url": "https://github.com/sponsors/typicode"
      }
    },
    "node_modules/zod": {
      "version": "4.1.8",
      "resolved": "https://registry.npmjs.org/zod/-/zod-4.1.8.tgz",
      "integrity": "sha512-5R1P+WwQqmmMIEACyzSvo4JXHY5WiAFHRMg+zBZKgKS+Q1viRa0C1hmUKtHltoIFKtIdki3pRxkmpP74jnNYHQ==",
      "license": "MIT",
      "funding": {
        "url": "https://github.com/sponsors/colinhacks"
      }
    }
  }
}
